
Microsoft Visual Studio Solution File, Format Version 12.00
# Visual Studio Version 17
VisualStudioVersion = 17.7.34221.43
MinimumVisualStudioVersion = 10.0.40219.1
Project("{FAE04EC0-301F-11D3-BF4B-00C04F79EFBC}") = "CoreProject", "CoreProject\CoreProject.csproj", "{E32223BB-4A47-4FE1-981C-363051062A8D}"
EndProject
Project("{FAE04EC0-301F-11D3-BF4B-00C04F79EFBC}") = "BusinessLayer", "BusinessLayer\BusinessLayer.csproj", "{AA33346F-C3A6-43E0-B0B1-90534099DC6F}"
EndProject
Project("{FAE04EC0-301F-11D3-BF4B-00C04F79EFBC}") = "DataAccessLayer", "DataAccessLayer\DataAccessLayer.csproj", "{D4EDBD34-1159-4AB7-A359-6E760539BDE1}"
EndProject
Project("{FAE04EC0-301F-11D3-BF4B-00C04F79EFBC}") = "EntityLayer", "EntityLayer\EntityLayer.csproj", "{E4172A44-F344-4E0A-933B-E5DE1A91B973}"
EndProject
Global
	GlobalSection(SolutionConfigurationPlatforms) = preSolution
		Debug|Any CPU = Debug|Any CPU
		Release|Any CPU = Release|Any CPU
	EndGlobalSection
	GlobalSection(ProjectConfigurationPlatforms) = postSolution
		{E32223BB-4A47-4FE1-981C-363051062A8D}.Debug|Any CPU.ActiveCfg = Debug|Any CPU
		{E32223BB-4A47-4FE1-981C-363051062A8D}.Debug|Any CPU.Build.0 = Debug|Any CPU
		{E32223BB-4A47-4FE1-981C-363051062A8D}.Release|Any CPU.ActiveCfg = Release|Any CPU
		{E32223BB-4A47-4FE1-981C-363051062A8D}.Release|Any CPU.Build.0 = Release|Any CPU
		{AA33346F-C3A6-43E0-B0B1-90534099DC6F}.Debug|Any CPU.ActiveCfg = Debug|Any CPU
		{AA33346F-C3A6-43E0-B0B1-90534099DC6F}.Debug|Any CPU.Build.0 = Debug|Any CPU
		{AA33346F-C3A6-43E0-B0B1-90534099DC6F}.Release|Any CPU.ActiveCfg = Release|Any CPU
		{AA33346F-C3A6-43E0-B0B1-90534099DC6F}.Release|Any CPU.Build.0 = Release|Any CPU
		{D4EDBD34-1159-4AB7-A359-6E760539BDE1}.Debug|Any CPU.ActiveCfg = Debug|Any CPU
		{D4EDBD34-1159-4AB7-A359-6E760539BDE1}.Debug|Any CPU.Build.0 = Debug|Any CPU
		{D4EDBD34-1159-4AB7-A359-6E760539BDE1}.Release|Any CPU.ActiveCfg = Release|Any CPU
		{D4EDBD34-1159-4AB7-A359-6E760539BDE1}.Release|Any CPU.Build.0 = Release|Any CPU
		{E4172A44-F344-4E0A-933B-E5DE1A91B973}.Debug|Any CPU.ActiveCfg = Debug|Any CPU
		{E4172A44-F344-4E0A-933B-E5DE1A91B973}.Debug|Any CPU.Build.0 = Debug|Any CPU
		{E4172A44-F344-4E0A-933B-E5DE1A91B973}.Release|Any CPU.ActiveCfg = Release|Any CPU
		{E4172A44-F344-4E0A-933B-E5DE1A91B973}.Release|Any CPU.Build.0 = Release|Any CPU
	EndGlobalSection
	GlobalSection(SolutionProperties) = preSolution
		HideSolutionNode = FALSE
	EndGlobalSection
	GlobalSection(ExtensibilityGlobals) = postSolution
		SolutionGuid = {631CDC2F-9EDC-49C1-BE38-2DF302BD29C5}
	EndGlobalSection
EndGlobal
